
Microsoft Visual Studio Solution File, Format Version 12.00
# Visual Studio Version 17
VisualStudioVersion = 17.7.34018.315
MinimumVisualStudioVersion = 10.0.40219.1
Project("{FAE04EC0-301F-11D3-BF4B-00C04F79EFBC}") = "MenorElemento", "MenorElemento.csproj", "{91F7403E-B9C1-429E-BB9E-C6835958CA65}"
EndProject
Global
	GlobalSection(SolutionConfigurationPlatforms) = preSolution
		Debug|Any CPU = Debug|Any CPU
		Release|Any CPU = Release|Any CPU
	EndGlobalSection
	GlobalSection(ProjectConfigurationPlatforms) = postSolution
		{91F7403E-B9C1-429E-BB9E-C6835958CA65}.Debug|Any CPU.ActiveCfg = Debug|Any CPU
		{91F7403E-B9C1-429E-BB9E-C6835958CA65}.Debug|Any CPU.Build.0 = Debug|Any CPU
		{91F7403E-B9C1-429E-BB9E-C6835958CA65}.Release|Any CPU.ActiveCfg = Release|Any CPU
		{91F7403E-B9C1-429E-BB9E-C6835958CA65}.Release|Any CPU.Build.0 = Release|Any CPU
	EndGlobalSection
	GlobalSection(SolutionProperties) = preSolution
		HideSolutionNode = FALSE
	EndGlobalSection
	GlobalSection(ExtensibilityGlobals) = postSolution
		SolutionGuid = {29D05A89-E8DB-4797-AFFD-A57CA86AA644}
	EndGlobalSection
EndGlobal
